
Microsoft Visual Studio Solution File, Format Version 12.00
# Visual Studio Version 17
VisualStudioVersion = 17.2.32616.157
MinimumVisualStudioVersion = 10.0.40219.1
Project("{FAE04EC0-301F-11D3-BF4B-00C04F79EFBC}") = "P201-Projector-Exam", "P201-Projector-Exam.csproj", "{D051AF29-27A2-4EA1-B5FC-73D86AFA7E05}"
EndProject
Global
	GlobalSection(SolutionConfigurationPlatforms) = preSolution
		Debug|Any CPU = Debug|Any CPU
		Release|Any CPU = Release|Any CPU
	EndGlobalSection
	GlobalSection(ProjectConfigurationPlatforms) = postSolution
		{D051AF29-27A2-4EA1-B5FC-73D86AFA7E05}.Debug|Any CPU.ActiveCfg = Debug|Any CPU
		{D051AF29-27A2-4EA1-B5FC-73D86AFA7E05}.Debug|Any CPU.Build.0 = Debug|Any CPU
		{D051AF29-27A2-4EA1-B5FC-73D86AFA7E05}.Release|Any CPU.ActiveCfg = Release|Any CPU
		{D051AF29-27A2-4EA1-B5FC-73D86AFA7E05}.Release|Any CPU.Build.0 = Release|Any CPU
	EndGlobalSection
	GlobalSection(SolutionProperties) = preSolution
		HideSolutionNode = FALSE
	EndGlobalSection
	GlobalSection(ExtensibilityGlobals) = postSolution
		SolutionGuid = {055F6D8E-3B25-4A58-B47C-2CD92627F31E}
	EndGlobalSection
EndGlobal
